// !$*UTF8*$!
{
	archiveVersion = 1;
	classes = {
	};
	objectVersion = 50;
	objects = {

/* Begin PBXBuildFile section */
		A5AF6A7C23280B2D00C677C0 /* main.c in Sources */ = {isa = PBXBuildFile; fileRef = A5AF6A7B23280B2D00C677C0 /* main.c */; };
		A5AF6A8423280B5000C677C0 /* Pythagorean.c in Sources */ = {isa = PBXBuildFile; fileRef = A5AF6A8323280B5000C677C0 /* Pythagorean.c */; };
		A5DB3C5C232FE17500801E95 /* Rectangle table.c in Sources */ = {isa = PBXBuildFile; fileRef = A5DB3C5B232FE17500801E95 /* Rectangle table.c */; };
		A5DB3C5F232FE5C900801E95 /* IO.c in Sources */ = {isa = PBXBuildFile; fileRef = A5DB3C5E232FE5C900801E95 /* IO.c */; };
		A5DB3C62232FE94900801E95 /* temperature.c in Sources */ = {isa = PBXBuildFile; fileRef = A5DB3C61232FE94900801E95 /* temperature.c */; };
		A5DB3C65232FE99800801E95 /* sec calc.c in Sources */ = {isa = PBXBuildFile; fileRef = A5DB3C64232FE99800801E95 /* sec calc.c */; };
		A5FB5186232BF61F0051F077 /* Rectangle.c in Sources */ = {isa = PBXBuildFile; fileRef = A5FB5185232BF61F0051F077 /* Rectangle.c */; };
/* End PBXBuildFile section */

/* Begin PBXCopyFilesBuildPhase section */
		A5AF6A7623280B2D00C677C0 /* CopyFiles */ = {
			isa = PBXCopyFilesBuildPhase;
			buildActionMask = 2147483647;
			dstPath = /usr/share/man/man1/;
			dstSubfolderSpec = 0;
			files = (
			);
			runOnlyForDeploymentPostprocessing = 1;
		};
/* End PBXCopyFilesBuildPhase section */

/* Begin PBXFileReference section */
		A5AF6A7823280B2D00C677C0 /* Intro to CS Labs */ = {isa = PBXFileReference; explicitFileType = "compiled.mach-o.executable"; includeInIndex = 0; path = "Intro to CS Labs"; sourceTree = BUILT_PRODUCTS_DIR; };
		A5AF6A7B23280B2D00C677C0 /* main.c */ = {isa = PBXFileReference; lastKnownFileType = sourcecode.c.c; path = main.c; sourceTree = "<group>"; };
		A5AF6A8223280B5000C677C0 /* Pythagorean.h */ = {isa = PBXFileReference; lastKnownFileType = sourcecode.c.h; path = Pythagorean.h; sourceTree = "<group>"; };
		A5AF6A8323280B5000C677C0 /* Pythagorean.c */ = {isa = PBXFileReference; lastKnownFileType = sourcecode.c.c; path = Pythagorean.c; sourceTree = "<group>"; };
		A5DB3C5A232FE17500801E95 /* Rectangle table.h */ = {isa = PBXFileReference; lastKnownFileType = sourcecode.c.h; path = "Rectangle table.h"; sourceTree = "<group>"; };
		A5DB3C5B232FE17500801E95 /* Rectangle table.c */ = {isa = PBXFileReference; lastKnownFileType = sourcecode.c.c; path = "Rectangle table.c"; sourceTree = "<group>"; };
		A5DB3C5D232FE5C900801E95 /* IO.h */ = {isa = PBXFileReference; lastKnownFileType = sourcecode.c.h; path = IO.h; sourceTree = "<group>"; };
		A5DB3C5E232FE5C900801E95 /* IO.c */ = {isa = PBXFileReference; lastKnownFileType = sourcecode.c.c; path = IO.c; sourceTree = "<group>"; };
		A5DB3C60232FE94900801E95 /* temperature.h */ = {isa = PBXFileReference; lastKnownFileType = sourcecode.c.h; path = temperature.h; sourceTree = "<group>"; };
		A5DB3C61232FE94900801E95 /* temperature.c */ = {isa = PBXFileReference; lastKnownFileType = sourcecode.c.c; path = temperature.c; sourceTree = "<group>"; };
		A5DB3C63232FE99800801E95 /* sec calc.h */ = {isa = PBXFileReference; lastKnownFileType = sourcecode.c.h; path = "sec calc.h"; sourceTree = "<group>"; };
		A5DB3C64232FE99800801E95 /* sec calc.c */ = {isa = PBXFileReference; lastKnownFileType = sourcecode.c.c; path = "sec calc.c"; sourceTree = "<group>"; };
		A5FB5184232BF61F0051F077 /* Rectangle.h */ = {isa = PBXFileReference; lastKnownFileType = sourcecode.c.h; path = Rectangle.h; sourceTree = "<group>"; };
		A5FB5185232BF61F0051F077 /* Rectangle.c */ = {isa = PBXFileReference; lastKnownFileType = sourcecode.c.c; path = Rectangle.c; sourceTree = "<group>"; };
/* End PBXFileReference section */

/* Begin PBXFrameworksBuildPhase section */
		A5AF6A7523280B2D00C677C0 /* Frameworks */ = {
			isa = PBXFrameworksBuildPhase;
			buildActionMask = 2147483647;
			files = (
			);
			runOnlyForDeploymentPostprocessing = 0;
		};
/* End PBXFrameworksBuildPhase section */

/* Begin PBXGroup section */
		A5AF6A6F23280B2D00C677C0 = {
			isa = PBXGroup;
			children = (
				A5DB3C63232FE99800801E95 /* sec calc.h */,
				A5DB3C64232FE99800801E95 /* sec calc.c */,
				A5DB3C60232FE94900801E95 /* temperature.h */,
				A5DB3C61232FE94900801E95 /* temperature.c */,
				A5DB3C5D232FE5C900801E95 /* IO.h */,
				A5DB3C5E232FE5C900801E95 /* IO.c */,
				A5DB3C5A232FE17500801E95 /* Rectangle table.h */,
				A5DB3C5B232FE17500801E95 /* Rectangle table.c */,
				A5FB5184232BF61F0051F077 /* Rectangle.h */,
				A5FB5185232BF61F0051F077 /* Rectangle.c */,
				A5AF6A7923280B2D00C677C0 /* Products */,
				A5AF6A8323280B5000C677C0 /* Pythagorean.c */,
				A5AF6A8223280B5000C677C0 /* Pythagorean.h */,
				A5AF6A7B23280B2D00C677C0 /* main.c */,
				A5AF6A7A23280B2D00C677C0 /* Intro to CS Labs */,
			);
			sourceTree = "<group>";
		};
		A5AF6A7923280B2D00C677C0 /* Products */ = {
			isa = PBXGroup;
			children = (
				A5AF6A7823280B2D00C677C0 /* Intro to CS Labs */,
			);
			name = Products;
			sourceTree = "<group>";
		};
		A5AF6A7A23280B2D00C677C0 /* Intro to CS Labs */ = {
			isa = PBXGroup;
			children = (
			);
			path = "Intro to CS Labs";
			sourceTree = "<group>";
		};
/* End PBXGroup section */

/* Begin PBXNativeTarget section */
		A5AF6A7723280B2D00C677C0 /* Intro to CS Labs */ = {
			isa = PBXNativeTarget;
			buildConfigurationList = A5AF6A7F23280B2D00C677C0 /* Build configuration list for PBXNativeTarget "Intro to CS Labs" */;
			buildPhases = (
				A5AF6A7423280B2D00C677C0 /* Sources */,
				A5AF6A7523280B2D00C677C0 /* Frameworks */,
				A5AF6A7623280B2D00C677C0 /* CopyFiles */,
			);
			buildRules = (
			);
			dependencies = (
			);
			name = "Intro to CS Labs";
			productName = "Intro to CS Labs";
			productReference = A5AF6A7823280B2D00C677C0 /* Intro to CS Labs */;
			productType = "com.apple.product-type.tool";
		};
/* End PBXNativeTarget section */

/* Begin PBXProject section */
		A5AF6A7023280B2D00C677C0 /* Project object */ = {
			isa = PBXProject;
			attributes = {
				LastUpgradeCheck = 1030;
				ORGANIZATIONNAME = "Sutherland, Zachary";
				TargetAttributes = {
					A5AF6A7723280B2D00C677C0 = {
						CreatedOnToolsVersion = 10.3;
					};
				};
			};
			buildConfigurationList = A5AF6A7323280B2D00C677C0 /* Build configuration list for PBXProject "Intro to CS Labs" */;
			compatibilityVersion = "Xcode 9.3";
			developmentRegion = en;
			hasScannedForEncodings = 0;
			knownRegions = (
				en,
			);
			mainGroup = A5AF6A6F23280B2D00C677C0;
			productRefGroup = A5AF6A7923280B2D00C677C0 /* Products */;
			projectDirPath = "";
			projectRoot = "";
			targets = (
				A5AF6A7723280B2D00C677C0 /* Intro to CS Labs */,
			);
		};
/* End PBXProject section */

/* Begin PBXSourcesBuildPhase section */
		A5AF6A7423280B2D00C677C0 /* Sources */ = {
			isa = PBXSourcesBuildPhase;
			buildActionMask = 2147483647;
			files = (
				A5AF6A8423280B5000C677C0 /* Pythagorean.c in Sources */,
				A5AF6A7C23280B2D00C677C0 /* main.c in Sources */,
				A5DB3C65232FE99800801E95 /* sec calc.c in Sources */,
				A5DB3C62232FE94900801E95 /* temperature.c in Sources */,
				A5DB3C5F232FE5C900801E95 /* IO.c in Sources */,
				A5FB5186232BF61F0051F077 /* Rectangle.c in Sources */,
				A5DB3C5C232FE17500801E95 /* Rectangle table.c in Sources */,
			);
			runOnlyForDeploymentPostprocessing = 0;
		};
/* End PBXSourcesBuildPhase section */

/* Begin XCBuildConfiguration section */
		A5AF6A7D23280B2D00C677C0 /* Debug */ = {
			isa = XCBuildConfiguration;
			buildSettings = {
				ALWAYS_SEARCH_USER_PATHS = NO;
				CLANG_ANALYZER_NONNULL = YES;
				CLANG_ANALYZER_NUMBER_OBJECT_CONVERSION = YES_AGGRESSIVE;
				CLANG_CXX_LANGUAGE_STANDARD = "gnu++14";
				CLANG_CXX_LIBRARY = "libc++";
				CLANG_ENABLE_MODULES = YES;
				CLANG_ENABLE_OBJC_ARC = YES;
				CLANG_ENABLE_OBJC_WEAK = YES;
				CLANG_WARN_BLOCK_CAPTURE_AUTORELEASING = YES;
				CLANG_WARN_BOOL_CONVERSION = YES;
				CLANG_WARN_COMMA = YES;
				CLANG_WARN_CONSTANT_CONVERSION = YES;
				CLANG_WARN_DEPRECATED_OBJC_IMPLEMENTATIONS = YES;
				CLANG_WARN_DIRECT_OBJC_ISA_USAGE = YES_ERROR;
				CLANG_WARN_DOCUMENTATION_COMMENTS = YES;
				CLANG_WARN_EMPTY_BODY = YES;
				CLANG_WARN_ENUM_CONVERSION = YES;
				CLANG_WARN_INFINITE_RECURSION = YES;
				CLANG_WARN_INT_CONVERSION = YES;
				CLANG_WARN_NON_LITERAL_NULL_CONVERSION = YES;
				CLANG_WARN_OBJC_IMPLICIT_RETAIN_SELF = YES;
				CLANG_WARN_OBJC_LITERAL_CONVERSION = YES;
				CLANG_WARN_OBJC_ROOT_CLASS = YES_ERROR;
				CLANG_WARN_RANGE_LOOP_ANALYSIS = YES;
				CLANG_WARN_STRICT_PROTOTYPES = YES;
				CLANG_WARN_SUSPICIOUS_MOVE = YES;
				CLANG_WARN_UNGUARDED_AVAILABILITY = YES_AGGRESSIVE;
				CLANG_WARN_UNREACHABLE_CODE = YES;
				CLANG_WARN__DUPLICATE_METHOD_MATCH = YES;
				CODE_SIGN_IDENTITY = "-";
				COPY_PHASE_STRIP = NO;
				DEBUG_INFORMATION_FORMAT = dwarf;
				ENABLE_STRICT_OBJC_MSGSEND = YES;
				ENABLE_TESTABILITY = YES;
				GCC_C_LANGUAGE_STANDARD = gnu11;
				GCC_DYNAMIC_NO_PIC = NO;
				GCC_NO_COMMON_BLOCKS = YES;
				GCC_OPTIMIZATION_LEVEL = 0;
				GCC_PREPROCESSOR_DEFINITIONS = (
					"DEBUG=1",
					"$(inherited)",
				);
				GCC_WARN_64_TO_32_BIT_CONVERSION = YES;
				GCC_WARN_ABOUT_RETURN_TYPE = YES_ERROR;
				GCC_WARN_UNDECLARED_SELECTOR = YES;
				GCC_WARN_UNINITIALIZED_AUTOS = YES_AGGRESSIVE;
				GCC_WARN_UNUSED_FUNCTION = YES;
				GCC_WARN_UNUSED_VARIABLE = YES;
				MACOSX_DEPLOYMENT_TARGET = 10.14;
				MTL_ENABLE_DEBUG_INFO = INCLUDE_SOURCE;
				MTL_FAST_MATH = YES;
				ONLY_ACTIVE_ARCH = YES;
				SDKROOT = macosx;
			};
			name = Debug;
		};
		A5AF6A7E23280B2D00C677C0 /* Release */ = {
			isa = XCBuildConfiguration;
			buildSettings = {
				ALWAYS_SEARCH_USER_PATHS = NO;
				CLANG_ANALYZER_NONNULL = YES;
				CLANG_ANALYZER_NUMBER_OBJECT_CONVERSION = YES_AGGRESSIVE;
				CLANG_CXX_LANGUAGE_STANDARD = "gnu++14";
				CLANG_CXX_LIBRARY = "libc++";
				CLANG_ENABLE_MODULES = YES;
				CLANG_ENABLE_OBJC_ARC = YES;
				CLANG_ENABLE_OBJC_WEAK = YES;
				CLANG_WARN_BLOCK_CAPTURE_AUTORELEASING = YES;
				CLANG_WARN_BOOL_CONVERSION = YES;
				CLANG_WARN_COMMA = YES;
				CLANG_WARN_CONSTANT_CONVERSION = YES;
				CLANG_WARN_DEPRECATED_OBJC_IMPLEMENTATIONS = YES;
				CLANG_WARN_DIRECT_OBJC_ISA_USAGE = YES_ERROR;
				CLANG_WARN_DOCUMENTATION_COMMENTS = YES;
				CLANG_WARN_EMPTY_BODY = YES;
				CLANG_WARN_ENUM_CONVERSION = YES;
				CLANG_WARN_INFINITE_RECURSION = YES;
				CLANG_WARN_INT_CONVERSION = YES;
				CLANG_WARN_NON_LITERAL_NULL_CONVERSION = YES;
				CLANG_WARN_OBJC_IMPLICIT_RETAIN_SELF = YES;
				CLANG_WARN_OBJC_LITERAL_CONVERSION = YES;
				CLANG_WARN_OBJC_ROOT_CLASS = YES_ERROR;
				CLANG_WARN_RANGE_LOOP_ANALYSIS = YES;
				CLANG_WARN_STRICT_PROTOTYPES = YES;
				CLANG_WARN_SUSPICIOUS_MOVE = YES;
				CLANG_WARN_UNGUARDED_AVAILABILITY = YES_AGGRESSIVE;
				CLANG_WARN_UNREACHABLE_CODE = YES;
				CLANG_WARN__DUPLICATE_METHOD_MATCH = YES;
				CODE_SIGN_IDENTITY = "-";
				COPY_PHASE_STRIP = NO;
				DEBUG_INFORMATION_FORMAT = "dwarf-with-dsym";
				ENABLE_NS_ASSERTIONS = NO;
				ENABLE_STRICT_OBJC_MSGSEND = YES;
				GCC_C_LANGUAGE_STANDARD = gnu11;
				GCC_NO_COMMON_BLOCKS = YES;
				GCC_WARN_64_TO_32_BIT_CONVERSION = YES;
				GCC_WARN_ABOUT_RETURN_TYPE = YES_ERROR;
				GCC_WARN_UNDECLARED_SELECTOR = YES;
				GCC_WARN_UNINITIALIZED_AUTOS = YES_AGGRESSIVE;
				GCC_WARN_UNUSED_FUNCTION = YES;
				GCC_WARN_UNUSED_VARIABLE = YES;
				MACOSX_DEPLOYMENT_TARGET = 10.14;
				MTL_ENABLE_DEBUG_INFO = NO;
				MTL_FAST_MATH = YES;
				SDKROOT = macosx;
			};
			name = Release;
		};
		A5AF6A8023280B2D00C677C0 /* Debug */ = {
			isa = XCBuildConfiguration;
			buildSettings = {
				CODE_SIGN_STYLE = Automatic;
				PRODUCT_NAME = "$(TARGET_NAME)";
			};
			name = Debug;
		};
		A5AF6A8123280B2D00C677C0 /* Release */ = {
			isa = XCBuildConfiguration;
			buildSettings = {
				CODE_SIGN_STYLE = Automatic;
				PRODUCT_NAME = "$(TARGET_NAME)";
			};
			name = Release;
		};
/* End XCBuildConfiguration section */

/* Begin XCConfigurationList section */
		A5AF6A7323280B2D00C677C0 /* Build configuration list for PBXProject "Intro to CS Labs" */ = {
			isa = XCConfigurationList;
			buildConfigurations = (
				A5AF6A7D23280B2D00C677C0 /* Debug */,
				A5AF6A7E23280B2D00C677C0 /* Release */,
			);
			defaultConfigurationIsVisible = 0;
			defaultConfigurationName = Release;
		};
		A5AF6A7F23280B2D00C677C0 /* Build configuration list for PBXNativeTarget "Intro to CS Labs" */ = {
			isa = XCConfigurationList;
			buildConfigurations = (
				A5AF6A8023280B2D00C677C0 /* Debug */,
				A5AF6A8123280B2D00C677C0 /* Release */,
			);
			defaultConfigurationIsVisible = 0;
			defaultConfigurationName = Release;
		};
/* End XCConfigurationList section */
	};
	rootObject = A5AF6A7023280B2D00C677C0 /* Project object */;
}
